<?xml version="1.0" encoding="utf-8"?>
<Project ToolsVersion="4.0" xmlns="http://schemas.microsoft.com/developer/msbuild/2003">
  <ItemGroup>
    <Filter Include="Source Files">
      <UniqueIdentifier>{8065b2f2-3141-47cc-ae7a-c1825b6cde90}</UniqueIdentifier>
      <Extensions>cpp;c;cxx;rc;def;r;odl;idl;hpj;bat</Extensions>
    </Filter>
    <Filter Include="Header Files">
      <UniqueIdentifier>{5367c714-fa3e-4bc6-8eab-2de9dfa717e2}</UniqueIdentifier>
      <Extensions>h;hpp;hxx;hm;inl</Extensions>
    </Filter>
    <Filter Include="Generated MOC Files">
      <UniqueIdentifier>{fe729890-6da0-4650-8d5f-b171506263b5}</UniqueIdentifier>
      <Extensions>cpp;c;cxx;moc</Extensions>
    </Filter>
    <Filter Include="Generated Form Files">
      <UniqueIdentifier>{0cf0de33-82ca-4f64-8ae7-f78962e549af}</UniqueIdentifier>
      <Extensions>cpp;c;cxx;h;hpp;hxx;</Extensions>
    </Filter>
    <Filter Include="Forms">
      <UniqueIdentifier>{9a56586e-d539-4a50-9558-9518c0f42a4b}</UniqueIdentifier>
      <Extensions>ui</Extensions>
      <ParseFiles>false</ParseFiles>
    </Filter>
    <Filter Include="Generated UI Files">
      <UniqueIdentifier>{3f3221df-8594-46e1-8a8b-bac40604a745}</UniqueIdentifier>
    </Filter>
  </ItemGroup>
  <ItemGroup>
    <ClCompile Include="..\..\..\apps\vaporgui\guis\animationeventrouter.cpp">
      <Filter>Source Files</Filter>
    </ClCompile>
    <ClCompile Include="..\..\..\apps\vaporgui\guis\arroweventrouter.cpp">
      <Filter>Source Files</Filter>
    </ClCompile>
    <ClCompile Include="..\..\..\apps\vaporgui\guis\boxsliderframe.cpp">
      <Filter>Source Files</Filter>
    </ClCompile>
    <ClCompile Include="..\..\..\apps\vaporgui\guis\eventrouter.cpp">
      <Filter>Source Files</Filter>
    </ClCompile>
    <ClCompile Include="..\..\..\apps\vaporgui\guis\instancetable.cpp">
      <Filter>Source Files</Filter>
    </ClCompile>
    <ClCompile Include="..\..\..\apps\vaporgui\main\main.cpp">
      <Filter>Source Files</Filter>
    </ClCompile>
    <ClCompile Include="..\..\..\apps\vaporgui\main\mainform.cpp">
      <Filter>Source Files</Filter>
    </ClCompile>
    <ClCompile Include="..\..\..\apps\vaporgui\guis\regioneventrouter.cpp">
      <Filter>Source Files</Filter>
    </ClCompile>
    <ClCompile Include="..\..\..\apps\vaporgui\main\tabmanager.cpp">
      <Filter>Source Files</Filter>
    </ClCompile>
    <ClCompile Include="..\..\..\apps\vaporgui\guis\viewpointeventrouter.cpp">
      <Filter>Source Files</Filter>
    </ClCompile>
    <ClCompile Include="..\..\..\apps\vaporgui\misc\vizfeatureparams.cpp">
      <Filter>Source Files</Filter>
    </ClCompile>
    <ClCompile Include="..\..\..\apps\vaporgui\guis\vizselectcombo.cpp">
      <Filter>Source Files</Filter>
    </ClCompile>
    <ClCompile Include="..\..\..\apps\vaporgui\main\vizwin.cpp">
      <Filter>Source Files</Filter>
    </ClCompile>
    <ClCompile Include="..\..\..\apps\vaporgui\moc\moc_animationeventrouter.cpp">
      <Filter>Generated MOC Files</Filter>
    </ClCompile>
    <ClCompile Include="..\..\..\apps\vaporgui\moc\moc_arroweventrouter.cpp">
      <Filter>Generated MOC Files</Filter>
    </ClCompile>
    <ClCompile Include="..\..\..\apps\vaporgui\moc\moc_boxsliderframe.cpp">
      <Filter>Generated MOC Files</Filter>
    </ClCompile>
    <ClCompile Include="..\..\..\apps\vaporgui\moc\moc_instancetable.cpp">
      <Filter>Generated MOC Files</Filter>
    </ClCompile>
    <ClCompile Include="..\..\..\apps\vaporgui\moc\moc_mainform.cpp">
      <Filter>Generated MOC Files</Filter>
    </ClCompile>
    <ClCompile Include="..\..\..\apps\vaporgui\moc\moc_regioneventrouter.cpp">
      <Filter>Generated MOC Files</Filter>
    </ClCompile>
    <ClCompile Include="..\..\..\apps\vaporgui\moc\moc_tabmanager.cpp">
      <Filter>Generated MOC Files</Filter>
    </ClCompile>
    <ClCompile Include="..\..\..\apps\vaporgui\moc\moc_viewpointeventrouter.cpp">
      <Filter>Generated MOC Files</Filter>
    </ClCompile>
    <ClCompile Include="..\..\..\apps\vaporgui\moc\moc_vizfeatureparams.cpp">
      <Filter>Generated MOC Files</Filter>
    </ClCompile>
    <ClCompile Include="..\..\..\apps\vaporgui\moc\moc_vizselectcombo.cpp">
      <Filter>Generated MOC Files</Filter>
    </ClCompile>
    <ClCompile Include="..\..\..\apps\vaporgui\moc\moc_vizwin.cpp">
      <Filter>Generated MOC Files</Filter>
    </ClCompile>
    <ClCompile Include="..\..\..\apps\vaporgui\main\vizwinmgr.cpp">
      <Filter>Source Files</Filter>
    </ClCompile>
    <ClCompile Include="..\..\..\apps\vaporgui\moc\moc_vizwinmgr.cpp">
      <Filter>Generated MOC Files</Filter>
    </ClCompile>
  </ItemGroup>
  <ItemGroup>
    <ClInclude Include="..\..\..\apps\vaporgui\guis\eventrouter.h">
      <Filter>Header Files</Filter>
    </ClInclude>
    <ClInclude Include="..\..\..\apps\vaporgui\guis\ui\animationtab.h">
      <Filter>Generated Form Files</Filter>
    </ClInclude>
    <ClInclude Include="..\..\..\apps\vaporgui\guis\ui\arrow.h">
      <Filter>Generated Form Files</Filter>
    </ClInclude>
    <ClInclude Include="..\..\..\apps\vaporgui\guis\ui\boxframe.h">
      <Filter>Generated Form Files</Filter>
    </ClInclude>
    <ClInclude Include="..\..\..\apps\vaporgui\guis\ui\regiontab.h">
      <Filter>Generated Form Files</Filter>
    </ClInclude>
    <ClInclude Include="..\..\..\apps\vaporgui\guis\ui\vizfeatures.h">
      <Filter>Generated Form Files</Filter>
    </ClInclude>
    <ClInclude Include="..\..\..\apps\vaporgui\guis\ui\viztab.h">
      <Filter>Generated Form Files</Filter>
    </ClInclude>
  </ItemGroup>
  <ItemGroup>
    <CustomBuild Include="..\..\..\apps\vaporgui\guis\animationeventrouter.h">
      <Filter>Header Files</Filter>
    </CustomBuild>
    <CustomBuild Include="..\..\..\apps\vaporgui\guis\arroweventrouter.h">
      <Filter>Header Files</Filter>
    </CustomBuild>
    <CustomBuild Include="..\..\..\apps\vaporgui\guis\boxsliderframe.h">
      <Filter>Header Files</Filter>
    </CustomBuild>
    <CustomBuild Include="..\..\..\apps\vaporgui\guis\instancetable.h">
      <Filter>Header Files</Filter>
    </CustomBuild>
    <CustomBuild Include="..\..\..\apps\vaporgui\guis\regioneventrouter.h">
      <Filter>Header Files</Filter>
    </CustomBuild>
    <CustomBuild Include="..\..\..\apps\vaporgui\main\tabmanager.h">
      <Filter>Header Files</Filter>
    </CustomBuild>
    <CustomBuild Include="..\..\..\apps\vaporgui\guis\viewpointeventrouter.h">
      <Filter>Header Files</Filter>
    </CustomBuild>
    <CustomBuild Include="..\..\..\apps\vaporgui\misc\vizfeatureparams.h">
      <Filter>Header Files</Filter>
    </CustomBuild>
    <CustomBuild Include="..\..\..\apps\vaporgui\guis\vizselectcombo.h">
      <Filter>Header Files</Filter>
    </CustomBuild>
    <CustomBuild Include="..\..\..\apps\vaporgui\main\vizwin.h">
      <Filter>Header Files</Filter>
    </CustomBuild>
    <CustomBuild Include="..\..\..\apps\vaporgui\guis\ui\animationtab.ui">
      <Filter>Forms</Filter>
    </CustomBuild>
    <CustomBuild Include="..\..\..\apps\vaporgui\guis\ui\arrow.ui">
      <Filter>Forms</Filter>
    </CustomBuild>
    <CustomBuild Include="..\..\..\apps\vaporgui\guis\ui\boxframe.ui">
      <Filter>Forms</Filter>
    </CustomBuild>
    <CustomBuild Include="..\..\..\apps\vaporgui\guis\ui\regiontab.ui">
      <Filter>Forms</Filter>
    </CustomBuild>
    <CustomBuild Include="..\..\..\apps\vaporgui\guis\ui\vizfeatures.ui">
      <Filter>Forms</Filter>
    </CustomBuild>
    <CustomBuild Include="..\..\..\apps\vaporgui\guis\ui\viztab.ui">
      <Filter>Forms</Filter>
    </CustomBuild>
    <CustomBuild Include="..\..\..\apps\vaporgui\main\vizwinmgr.h">
      <Filter>Header Files</Filter>
    </CustomBuild>
    <CustomBuild Include="..\..\..\apps\vaporgui\main\mainform.h">
      <Filter>Header Files</Filter>
    </CustomBuild>
  </ItemGroup>
</Project>