<?xml version="1.0" encoding="utf-8"?>
<Project ToolsVersion="4.0" xmlns="http://schemas.microsoft.com/developer/msbuild/2003">
  <ItemGroup>
    <Filter Include="Source Files">
      <UniqueIdentifier>{8065b2f2-3141-47cc-ae7a-c1825b6cde90}</UniqueIdentifier>
      <Extensions>cpp;c;cxx;rc;def;r;odl;idl;hpj;bat</Extensions>
    </Filter>
    <Filter Include="Header Files">
      <UniqueIdentifier>{5367c714-fa3e-4bc6-8eab-2de9dfa717e2}</UniqueIdentifier>
      <Extensions>h;hpp;hxx;hm;inl</Extensions>
    </Filter>
    <Filter Include="Generated MOC Files">
      <UniqueIdentifier>{fe729890-6da0-4650-8d5f-b171506263b5}</UniqueIdentifier>
      <Extensions>cpp;c;cxx;moc</Extensions>
    </Filter>
    <Filter Include="Generated Form Files">
      <UniqueIdentifier>{0cf0de33-82ca-4f64-8ae7-f78962e549af}</UniqueIdentifier>
      <Extensions>cpp;c;cxx;h;hpp;hxx;</Extensions>
    </Filter>
    <Filter Include="Forms">
      <UniqueIdentifier>{9a56586e-d539-4a50-9558-9518c0f42a4b}</UniqueIdentifier>
      <Extensions>ui</Extensions>
      <ParseFiles>false</ParseFiles>
    </Filter>
    <Filter Include="Generated UI Files">
      <UniqueIdentifier>{3f3221df-8594-46e1-8a8b-bac40604a745}</UniqueIdentifier>
    </Filter>
  </ItemGroup>
  <ItemGroup>
    <ClCompile Include="..\..\..\apps\vaporgui\misc\animationcontroller.cpp">
      <Filter>Source Files</Filter>
    </ClCompile>
    <ClCompile Include="..\..\..\apps\vaporgui\guis\animationeventrouter.cpp">
      <Filter>Source Files</Filter>
    </ClCompile>
    <ClCompile Include="..\..\..\apps\vaporgui\guis\arroweventrouter.cpp">
      <Filter>Source Files</Filter>
    </ClCompile>
    <ClCompile Include="..\..\..\apps\vaporgui\guis\boxsliderframe.cpp">
      <Filter>Source Files</Filter>
    </ClCompile>
    <ClCompile Include="..\..\..\apps\vaporgui\guis\ColorbarWidget.cpp">
      <Filter>Source Files</Filter>
    </ClCompile>
    <ClCompile Include="..\..\..\apps\vaporgui\guis\colorpickerframe.cpp">
      <Filter>Source Files</Filter>
    </ClCompile>
    <ClCompile Include="..\..\..\apps\vaporgui\main\command.cpp">
      <Filter>Source Files</Filter>
    </ClCompile>
    <ClCompile Include="..\..\..\apps\vaporgui\guis\ControlPointEditor.cpp">
      <Filter>Source Files</Filter>
    </ClCompile>
    <ClCompile Include="..\..\..\apps\vaporgui\guis\DomainWidget.cpp">
      <Filter>Source Files</Filter>
    </ClCompile>
    <ClCompile Include="..\..\..\apps\vaporgui\guis\dvreventrouter.cpp">
      <Filter>Source Files</Filter>
    </ClCompile>
    <ClCompile Include="..\..\..\apps\vaporgui\guis\eventrouter.cpp">
      <Filter>Source Files</Filter>
    </ClCompile>
    <ClCompile Include="..\..\..\apps\vaporgui\guis\floweventrouter.cpp">
      <Filter>Source Files</Filter>
    </ClCompile>
    <ClCompile Include="..\..\..\apps\vaporgui\guis\glprobewindow.cpp">
      <Filter>Source Files</Filter>
    </ClCompile>
    <ClCompile Include="..\..\..\apps\vaporgui\guis\gltwoDwindow.cpp">
      <Filter>Source Files</Filter>
    </ClCompile>
    <ClCompile Include="..\..\..\apps\vaporgui\guis\GLWidget.cpp">
      <Filter>Source Files</Filter>
    </ClCompile>
    <ClCompile Include="..\..\..\apps\vaporgui\misc\helpwindow.cpp">
      <Filter>Source Files</Filter>
    </ClCompile>
    <ClCompile Include="..\..\..\apps\vaporgui\guis\instancetable.cpp">
      <Filter>Source Files</Filter>
    </ClCompile>
    <ClCompile Include="..\..\..\apps\vaporgui\guis\isoeventrouter.cpp">
      <Filter>Source Files</Filter>
    </ClCompile>
    <ClCompile Include="..\..\..\apps\vaporgui\guis\loadtfdialog.cpp">
      <Filter>Source Files</Filter>
    </ClCompile>
    <ClCompile Include="..\..\..\apps\vaporgui\main\main.cpp">
      <Filter>Source Files</Filter>
    </ClCompile>
    <ClCompile Include="..\..\..\apps\vaporgui\main\mainform.cpp">
      <Filter>Source Files</Filter>
    </ClCompile>
    <ClCompile Include="..\..\..\apps\vaporgui\guis\mappingframe.cpp">
      <Filter>Source Files</Filter>
    </ClCompile>
    <ClCompile Include="..\..\..\apps\vaporgui\main\messagereporter.cpp">
      <Filter>Source Files</Filter>
    </ClCompile>
    <ClCompile Include="..\..\..\apps\vaporgui\guis\ModelEventRouter.cpp">
      <Filter>Source Files</Filter>
    </ClCompile>
    <ClCompile Include="..\..\..\apps\vaporgui\guis\OpacityWidget.cpp">
      <Filter>Source Files</Filter>
    </ClCompile>
    <ClCompile Include="..\..\..\apps\vaporgui\main\panelcommand.cpp">
      <Filter>Source Files</Filter>
    </ClCompile>
    <ClCompile Include="..\..\..\apps\vaporgui\guis\probeeventrouter.cpp">
      <Filter>Source Files</Filter>
    </ClCompile>
    <ClCompile Include="..\..\..\apps\vaporgui\guis\probeframe.cpp">
      <Filter>Source Files</Filter>
    </ClCompile>
    <ClCompile Include="..\..\..\apps\vaporgui\misc\pythonedit.cpp">
      <Filter>Source Files</Filter>
    </ClCompile>
    <ClCompile Include="..\..\..\apps\vaporgui\guis\qtthumbwheel.cpp">
      <Filter>Source Files</Filter>
    </ClCompile>
    <ClCompile Include="..\..\..\apps\vaporgui\guis\regioneventrouter.cpp">
      <Filter>Source Files</Filter>
    </ClCompile>
    <ClCompile Include="..\..\..\apps\vaporgui\guis\savetfdialog.cpp">
      <Filter>Source Files</Filter>
    </ClCompile>
    <ClCompile Include="..\..\..\apps\vaporgui\guis\seedlisteditor.cpp">
      <Filter>Source Files</Filter>
    </ClCompile>
    <ClCompile Include="..\..\..\apps\vaporgui\main\session.cpp">
      <Filter>Source Files</Filter>
    </ClCompile>
    <ClCompile Include="..\..\..\apps\vaporgui\misc\sharedcontrollerthread.cpp">
      <Filter>Source Files</Filter>
    </ClCompile>
    <ClCompile Include="..\..\..\apps\vaporgui\main\tabmanager.cpp">
      <Filter>Source Files</Filter>
    </ClCompile>
    <ClCompile Include="..\..\..\apps\vaporgui\guis\TransformDelegate.cpp">
      <Filter>Source Files</Filter>
    </ClCompile>
    <ClCompile Include="..\..\..\apps\vaporgui\guis\TransformListModel.cpp">
      <Filter>Source Files</Filter>
    </ClCompile>
    <ClCompile Include="..\..\..\apps\vaporgui\guis\TransformWidget.cpp">
      <Filter>Source Files</Filter>
    </ClCompile>
    <ClCompile Include="..\..\..\apps\vaporgui\guis\twoDdataeventrouter.cpp">
      <Filter>Source Files</Filter>
    </ClCompile>
    <ClCompile Include="..\..\..\apps\vaporgui\guis\twoDeventrouter.cpp">
      <Filter>Source Files</Filter>
    </ClCompile>
    <ClCompile Include="..\..\..\apps\vaporgui\guis\twodframe.cpp">
      <Filter>Source Files</Filter>
    </ClCompile>
    <ClCompile Include="..\..\..\apps\vaporgui\guis\twoDimageeventrouter.cpp">
      <Filter>Source Files</Filter>
    </ClCompile>
    <ClCompile Include="..\..\..\apps\vaporgui\misc\unsharedcontrollerthread.cpp">
      <Filter>Source Files</Filter>
    </ClCompile>
    <ClCompile Include="..\..\..\apps\vaporgui\guis\userpreferences.cpp">
      <Filter>Source Files</Filter>
    </ClCompile>
    <ClCompile Include="..\..\..\apps\vaporgui\guis\viewpointeventrouter.cpp">
      <Filter>Source Files</Filter>
    </ClCompile>
    <ClCompile Include="..\..\..\apps\vaporgui\main\vizactivatecommand.cpp">
      <Filter>Source Files</Filter>
    </ClCompile>
    <ClCompile Include="..\..\..\apps\vaporgui\misc\vizfeatureparams.cpp">
      <Filter>Source Files</Filter>
    </ClCompile>
    <ClCompile Include="..\..\..\apps\vaporgui\guis\vizselectcombo.cpp">
      <Filter>Source Files</Filter>
    </ClCompile>
    <ClCompile Include="..\..\..\apps\vaporgui\main\vizwin.cpp">
      <Filter>Source Files</Filter>
    </ClCompile>
    <ClCompile Include="..\..\..\apps\vaporgui\main\vizwinmgr.cpp">
      <Filter>Source Files</Filter>
    </ClCompile>
    <ClCompile Include="..\..\..\apps\vaporgui\moc\moc_animationeventrouter.cpp">
      <Filter>Generated MOC Files</Filter>
    </ClCompile>
    <ClCompile Include="..\..\..\apps\vaporgui\moc\moc_arroweventrouter.cpp">
      <Filter>Generated MOC Files</Filter>
    </ClCompile>
    <ClCompile Include="..\..\..\apps\vaporgui\moc\moc_boxsliderframe.cpp">
      <Filter>Generated MOC Files</Filter>
    </ClCompile>
    <ClCompile Include="..\..\..\apps\vaporgui\moc\moc_ColorbarWidget.cpp">
      <Filter>Generated MOC Files</Filter>
    </ClCompile>
    <ClCompile Include="..\..\..\apps\vaporgui\moc\moc_colorpickerframe.cpp">
      <Filter>Generated MOC Files</Filter>
    </ClCompile>
    <ClCompile Include="..\..\..\apps\vaporgui\moc\moc_ControlPointEditor.cpp">
      <Filter>Generated MOC Files</Filter>
    </ClCompile>
    <ClCompile Include="..\..\..\apps\vaporgui\moc\moc_DomainWidget.cpp">
      <Filter>Generated MOC Files</Filter>
    </ClCompile>
    <ClCompile Include="..\..\..\apps\vaporgui\moc\moc_dvreventrouter.cpp">
      <Filter>Generated MOC Files</Filter>
    </ClCompile>
    <ClCompile Include="..\..\..\apps\vaporgui\moc\moc_floweventrouter.cpp">
      <Filter>Generated MOC Files</Filter>
    </ClCompile>
    <ClCompile Include="..\..\..\apps\vaporgui\moc\moc_GLWidget.cpp">
      <Filter>Generated MOC Files</Filter>
    </ClCompile>
    <ClCompile Include="..\..\..\apps\vaporgui\moc\moc_helpwindow.cpp">
      <Filter>Generated MOC Files</Filter>
    </ClCompile>
    <ClCompile Include="..\..\..\apps\vaporgui\moc\moc_instancetable.cpp">
      <Filter>Generated MOC Files</Filter>
    </ClCompile>
    <ClCompile Include="..\..\..\apps\vaporgui\moc\moc_isoeventrouter.cpp">
      <Filter>Generated MOC Files</Filter>
    </ClCompile>
    <ClCompile Include="..\..\..\apps\vaporgui\moc\moc_loadtfdialog.cpp">
      <Filter>Generated MOC Files</Filter>
    </ClCompile>
    <ClCompile Include="..\..\..\apps\vaporgui\moc\moc_mainform.cpp">
      <Filter>Generated MOC Files</Filter>
    </ClCompile>
    <ClCompile Include="..\..\..\apps\vaporgui\moc\moc_mappingframe.cpp">
      <Filter>Generated MOC Files</Filter>
    </ClCompile>
    <ClCompile Include="..\..\..\apps\vaporgui\moc\moc_ModelEventRouter.cpp">
      <Filter>Generated MOC Files</Filter>
    </ClCompile>
    <ClCompile Include="..\..\..\apps\vaporgui\moc\moc_OpacityWidget.cpp">
      <Filter>Generated MOC Files</Filter>
    </ClCompile>
    <ClCompile Include="..\..\..\apps\vaporgui\moc\moc_probeeventrouter.cpp">
      <Filter>Generated MOC Files</Filter>
    </ClCompile>
    <ClCompile Include="..\..\..\apps\vaporgui\moc\moc_probeframe.cpp">
      <Filter>Generated MOC Files</Filter>
    </ClCompile>
    <ClCompile Include="..\..\..\apps\vaporgui\moc\moc_pythonedit.cpp">
      <Filter>Generated MOC Files</Filter>
    </ClCompile>
    <ClCompile Include="..\..\..\apps\vaporgui\moc\moc_qtthumbwheel.cpp">
      <Filter>Generated MOC Files</Filter>
    </ClCompile>
    <ClCompile Include="..\..\..\apps\vaporgui\moc\moc_regioneventrouter.cpp">
      <Filter>Generated MOC Files</Filter>
    </ClCompile>
    <ClCompile Include="..\..\..\apps\vaporgui\moc\moc_savetfdialog.cpp">
      <Filter>Generated MOC Files</Filter>
    </ClCompile>
    <ClCompile Include="..\..\..\apps\vaporgui\moc\moc_seedlisteditor.cpp">
      <Filter>Generated MOC Files</Filter>
    </ClCompile>
    <ClCompile Include="..\..\..\apps\vaporgui\moc\moc_tabmanager.cpp">
      <Filter>Generated MOC Files</Filter>
    </ClCompile>
    <ClCompile Include="..\..\..\apps\vaporgui\moc\moc_TransformDelegate.cpp">
      <Filter>Generated MOC Files</Filter>
    </ClCompile>
    <ClCompile Include="..\..\..\apps\vaporgui\moc\moc_TransformListModel.cpp">
      <Filter>Generated MOC Files</Filter>
    </ClCompile>
    <ClCompile Include="..\..\..\apps\vaporgui\moc\moc_TransformWidget.cpp">
      <Filter>Generated MOC Files</Filter>
    </ClCompile>
    <ClCompile Include="..\..\..\apps\vaporgui\moc\moc_twoDdataeventrouter.cpp">
      <Filter>Generated MOC Files</Filter>
    </ClCompile>
    <ClCompile Include="..\..\..\apps\vaporgui\moc\moc_twodframe.cpp">
      <Filter>Generated MOC Files</Filter>
    </ClCompile>
    <ClCompile Include="..\..\..\apps\vaporgui\moc\moc_twoDimageeventrouter.cpp">
      <Filter>Generated MOC Files</Filter>
    </ClCompile>
    <ClCompile Include="..\..\..\apps\vaporgui\moc\moc_userpreferences.cpp">
      <Filter>Generated MOC Files</Filter>
    </ClCompile>
    <ClCompile Include="..\..\..\apps\vaporgui\moc\moc_viewpointeventrouter.cpp">
      <Filter>Generated MOC Files</Filter>
    </ClCompile>
    <ClCompile Include="..\..\..\apps\vaporgui\moc\moc_vizfeatureparams.cpp">
      <Filter>Generated MOC Files</Filter>
    </ClCompile>
    <ClCompile Include="..\..\..\apps\vaporgui\moc\moc_vizselectcombo.cpp">
      <Filter>Generated MOC Files</Filter>
    </ClCompile>
    <ClCompile Include="..\..\..\apps\vaporgui\moc\moc_vizwin.cpp">
      <Filter>Generated MOC Files</Filter>
    </ClCompile>
    <ClCompile Include="..\..\..\apps\vaporgui\moc\moc_vizwinmgr.cpp">
      <Filter>Generated MOC Files</Filter>
    </ClCompile>
    <ClCompile Include="..\..\..\apps\vaporgui\moc\moc_vcheckgui.cpp">
      <Filter>Generated MOC Files</Filter>
    </ClCompile>
    <ClCompile Include="..\..\..\apps\vaporgui\moc\moc_versionchecker.cpp">
      <Filter>Generated MOC Files</Filter>
    </ClCompile>
    <ClCompile Include="..\..\..\apps\vaporgui\misc\vcheckgui.cpp">
      <Filter>Source Files</Filter>
    </ClCompile>
    <ClCompile Include="..\..\..\apps\vaporgui\misc\versionchecker.cpp">
      <Filter>Source Files</Filter>
    </ClCompile>
    <ClCompile Include="..\..\..\apps\vaporgui\guis\isolineeventrouter.cpp">
      <Filter>Source Files</Filter>
    </ClCompile>
    <ClCompile Include="..\..\..\apps\vaporgui\moc\moc_isolineeventrouter.cpp">
      <Filter>Generated MOC Files</Filter>
    </ClCompile>
    <ClCompile Include="..\..\..\apps\vaporgui\guis\isolineframe.cpp">
      <Filter>Source Files</Filter>
    </ClCompile>
    <ClCompile Include="..\..\..\apps\vaporgui\guis\glisolinewindow.cpp">
      <Filter>Source Files</Filter>
    </ClCompile>
    <ClCompile Include="..\..\..\apps\vaporgui\moc\moc_isolineframe.cpp">
      <Filter>Generated MOC Files</Filter>
    </ClCompile>
    <ClCompile Include="..\..\..\apps\vaporgui\guis\isovalueeditor.cpp">
      <Filter>Source Files</Filter>
    </ClCompile>
    <ClCompile Include="..\..\..\apps\vaporgui\moc\moc_isovalueeditor.cpp">
      <Filter>Generated MOC Files</Filter>
    </ClCompile>
    <ClCompile Include="..\..\..\apps\vaporgui\misc\bannergui.cpp">
      <Filter>Source Files</Filter>
    </ClCompile>
    <ClCompile Include="..\..\..\apps\vaporgui\moc\moc_bannergui.cpp">
      <Filter>Generated MOC Files</Filter>
    </ClCompile>
  </ItemGroup>
  <ItemGroup>
    <ClInclude Include="..\..\..\apps\vaporgui\misc\animationcontroller.h">
      <Filter>Header Files</Filter>
    </ClInclude>
    <ClInclude Include="..\..\..\apps\vaporgui\main\command.h">
      <Filter>Header Files</Filter>
    </ClInclude>
    <ClInclude Include="..\..\..\apps\vaporgui\misc\controllerthread.h">
      <Filter>Header Files</Filter>
    </ClInclude>
    <ClInclude Include="..\..\..\apps\vaporgui\guis\eventrouter.h">
      <Filter>Header Files</Filter>
    </ClInclude>
    <ClInclude Include="..\..\..\apps\vaporgui\guis\glprobewindow.h">
      <Filter>Header Files</Filter>
    </ClInclude>
    <ClInclude Include="..\..\..\apps\vaporgui\guis\gltwoDwindow.h">
      <Filter>Header Files</Filter>
    </ClInclude>
    <ClInclude Include="..\..\..\apps\vaporgui\main\messagereporter.h">
      <Filter>Header Files</Filter>
    </ClInclude>
    <ClInclude Include="..\..\..\apps\vaporgui\main\panelcommand.h">
      <Filter>Header Files</Filter>
    </ClInclude>
    <ClInclude Include="..\..\..\apps\vaporgui\main\session.h">
      <Filter>Header Files</Filter>
    </ClInclude>
    <ClInclude Include="..\..\..\apps\vaporgui\guis\TFLocationTip.h">
      <Filter>Header Files</Filter>
    </ClInclude>
    <ClInclude Include="..\..\..\apps\vaporgui\main\vizactivatecommand.h">
      <Filter>Header Files</Filter>
    </ClInclude>
    <ClInclude Include="..\..\..\apps\vaporgui\guis\ui\animationtab.h">
      <Filter>Generated Form Files</Filter>
    </ClInclude>
    <ClInclude Include="..\..\..\apps\vaporgui\guis\ui\arrow.h">
      <Filter>Generated Form Files</Filter>
    </ClInclude>
    <ClInclude Include="..\..\..\apps\vaporgui\guis\ui\boxframe.h">
      <Filter>Generated Form Files</Filter>
    </ClInclude>
    <ClInclude Include="..\..\..\apps\vaporgui\guis\ui\ControlPointEditorBase.h">
      <Filter>Generated Form Files</Filter>
    </ClInclude>
    <ClInclude Include="..\..\..\apps\vaporgui\guis\ui\dvr.h">
      <Filter>Generated Form Files</Filter>
    </ClInclude>
    <ClInclude Include="..\..\..\apps\vaporgui\guis\ui\flowtab.h">
      <Filter>Generated Form Files</Filter>
    </ClInclude>
    <ClInclude Include="..\..\..\apps\vaporgui\guis\ui\isotab.h">
      <Filter>Generated Form Files</Filter>
    </ClInclude>
    <ClInclude Include="..\..\..\apps\vaporgui\guis\ui\model.h">
      <Filter>Generated Form Files</Filter>
    </ClInclude>
    <ClInclude Include="..\..\..\apps\vaporgui\guis\ui\preferences.h">
      <Filter>Generated Form Files</Filter>
    </ClInclude>
    <ClInclude Include="..\..\..\apps\vaporgui\guis\ui\probetab.h">
      <Filter>Generated Form Files</Filter>
    </ClInclude>
    <ClInclude Include="..\..\..\apps\vaporgui\guis\ui\regiontab.h">
      <Filter>Generated Form Files</Filter>
    </ClInclude>
    <ClInclude Include="..\..\..\apps\vaporgui\guis\ui\setoffset.h">
      <Filter>Generated Form Files</Filter>
    </ClInclude>
    <ClInclude Include="..\..\..\apps\vaporgui\guis\ui\twoDdatatab.h">
      <Filter>Generated Form Files</Filter>
    </ClInclude>
    <ClInclude Include="..\..\..\apps\vaporgui\guis\ui\twoDimagetab.h">
      <Filter>Generated Form Files</Filter>
    </ClInclude>
    <ClInclude Include="..\..\..\apps\vaporgui\guis\ui\vizfeatures.h">
      <Filter>Generated Form Files</Filter>
    </ClInclude>
    <ClInclude Include="..\..\..\apps\vaporgui\guis\ui\viztab.h">
      <Filter>Generated Form Files</Filter>
    </ClInclude>
    <ClInclude Include="..\..\..\apps\vaporgui\guis\ui\isolinetab.h">
      <Filter>Generated Form Files</Filter>
    </ClInclude>
    <ClInclude Include="..\..\..\apps\vaporgui\guis\glisolinewindow.h">
      <Filter>Header Files</Filter>
    </ClInclude>
  </ItemGroup>
  <ItemGroup>
    <CustomBuild Include="..\..\..\apps\vaporgui\guis\animationeventrouter.h">
      <Filter>Header Files</Filter>
    </CustomBuild>
    <CustomBuild Include="..\..\..\apps\vaporgui\guis\arroweventrouter.h">
      <Filter>Header Files</Filter>
    </CustomBuild>
    <CustomBuild Include="..\..\..\apps\vaporgui\guis\boxsliderframe.h">
      <Filter>Header Files</Filter>
    </CustomBuild>
    <CustomBuild Include="..\..\..\apps\vaporgui\guis\ColorbarWidget.h">
      <Filter>Header Files</Filter>
    </CustomBuild>
    <CustomBuild Include="..\..\..\apps\vaporgui\guis\colorpickerframe.h">
      <Filter>Header Files</Filter>
    </CustomBuild>
    <CustomBuild Include="..\..\..\apps\vaporgui\guis\ControlPointEditor.h">
      <Filter>Header Files</Filter>
    </CustomBuild>
    <CustomBuild Include="..\..\..\apps\vaporgui\guis\DomainWidget.h">
      <Filter>Header Files</Filter>
    </CustomBuild>
    <CustomBuild Include="..\..\..\apps\vaporgui\guis\dvreventrouter.h">
      <Filter>Header Files</Filter>
    </CustomBuild>
    <CustomBuild Include="..\..\..\apps\vaporgui\guis\floweventrouter.h">
      <Filter>Header Files</Filter>
    </CustomBuild>
    <CustomBuild Include="..\..\..\apps\vaporgui\guis\GLWidget.h">
      <Filter>Header Files</Filter>
    </CustomBuild>
    <CustomBuild Include="..\..\..\apps\vaporgui\misc\helpwindow.h">
      <Filter>Header Files</Filter>
    </CustomBuild>
    <CustomBuild Include="..\..\..\apps\vaporgui\guis\instancetable.h">
      <Filter>Header Files</Filter>
    </CustomBuild>
    <CustomBuild Include="..\..\..\apps\vaporgui\guis\isoeventrouter.h">
      <Filter>Header Files</Filter>
    </CustomBuild>
    <CustomBuild Include="..\..\..\apps\vaporgui\guis\loadtfdialog.h">
      <Filter>Header Files</Filter>
    </CustomBuild>
    <CustomBuild Include="..\..\..\apps\vaporgui\main\mainform.h">
      <Filter>Header Files</Filter>
    </CustomBuild>
    <CustomBuild Include="..\..\..\apps\vaporgui\guis\mappingframe.h">
      <Filter>Header Files</Filter>
    </CustomBuild>
    <CustomBuild Include="..\..\..\apps\vaporgui\guis\ModelEventRouter.h">
      <Filter>Header Files</Filter>
    </CustomBuild>
    <CustomBuild Include="..\..\..\apps\vaporgui\guis\OpacityWidget.h">
      <Filter>Header Files</Filter>
    </CustomBuild>
    <CustomBuild Include="..\..\..\apps\vaporgui\guis\probeeventrouter.h">
      <Filter>Header Files</Filter>
    </CustomBuild>
    <CustomBuild Include="..\..\..\apps\vaporgui\guis\probeframe.h">
      <Filter>Header Files</Filter>
    </CustomBuild>
    <CustomBuild Include="..\..\..\apps\vaporgui\misc\pythonedit.h">
      <Filter>Header Files</Filter>
    </CustomBuild>
    <CustomBuild Include="..\..\..\apps\vaporgui\guis\qtthumbwheel.h">
      <Filter>Header Files</Filter>
    </CustomBuild>
    <CustomBuild Include="..\..\..\apps\vaporgui\guis\regioneventrouter.h">
      <Filter>Header Files</Filter>
    </CustomBuild>
    <CustomBuild Include="..\..\..\apps\vaporgui\guis\savetfdialog.h">
      <Filter>Header Files</Filter>
    </CustomBuild>
    <CustomBuild Include="..\..\..\apps\vaporgui\guis\seedlisteditor.h">
      <Filter>Header Files</Filter>
    </CustomBuild>
    <CustomBuild Include="..\..\..\apps\vaporgui\main\tabmanager.h">
      <Filter>Header Files</Filter>
    </CustomBuild>
    <CustomBuild Include="..\..\..\apps\vaporgui\guis\TransformDelegate.h">
      <Filter>Header Files</Filter>
    </CustomBuild>
    <CustomBuild Include="..\..\..\apps\vaporgui\guis\TransformListModel.h">
      <Filter>Header Files</Filter>
    </CustomBuild>
    <CustomBuild Include="..\..\..\apps\vaporgui\guis\TransformWidget.h">
      <Filter>Header Files</Filter>
    </CustomBuild>
    <CustomBuild Include="..\..\..\apps\vaporgui\guis\twoDdataeventrouter.h">
      <Filter>Header Files</Filter>
    </CustomBuild>
    <CustomBuild Include="..\..\..\apps\vaporgui\guis\twoDeventrouter.h">
      <Filter>Header Files</Filter>
    </CustomBuild>
    <CustomBuild Include="..\..\..\apps\vaporgui\guis\twodframe.h">
      <Filter>Header Files</Filter>
    </CustomBuild>
    <CustomBuild Include="..\..\..\apps\vaporgui\guis\twoDimageeventrouter.h">
      <Filter>Header Files</Filter>
    </CustomBuild>
    <CustomBuild Include="..\..\..\apps\vaporgui\guis\userpreferences.h">
      <Filter>Header Files</Filter>
    </CustomBuild>
    <CustomBuild Include="..\..\..\apps\vaporgui\guis\viewpointeventrouter.h">
      <Filter>Header Files</Filter>
    </CustomBuild>
    <CustomBuild Include="..\..\..\apps\vaporgui\misc\vizfeatureparams.h">
      <Filter>Header Files</Filter>
    </CustomBuild>
    <CustomBuild Include="..\..\..\apps\vaporgui\guis\vizselectcombo.h">
      <Filter>Header Files</Filter>
    </CustomBuild>
    <CustomBuild Include="..\..\..\apps\vaporgui\main\vizwin.h">
      <Filter>Header Files</Filter>
    </CustomBuild>
    <CustomBuild Include="..\..\..\apps\vaporgui\main\vizwinmgr.h">
      <Filter>Header Files</Filter>
    </CustomBuild>
    <CustomBuild Include="..\..\..\apps\vaporgui\guis\ui\animationtab.ui">
      <Filter>Forms</Filter>
    </CustomBuild>
    <CustomBuild Include="..\..\..\apps\vaporgui\guis\ui\arrow.ui">
      <Filter>Forms</Filter>
    </CustomBuild>
    <CustomBuild Include="..\..\..\apps\vaporgui\guis\ui\boxframe.ui">
      <Filter>Forms</Filter>
    </CustomBuild>
    <CustomBuild Include="..\..\..\apps\vaporgui\guis\ui\ControlPointEditorBase.ui">
      <Filter>Forms</Filter>
    </CustomBuild>
    <CustomBuild Include="..\..\..\apps\vaporgui\guis\ui\dvr.ui">
      <Filter>Forms</Filter>
    </CustomBuild>
    <CustomBuild Include="..\..\..\apps\vaporgui\guis\ui\flowtab.ui">
      <Filter>Forms</Filter>
    </CustomBuild>
    <CustomBuild Include="..\..\..\apps\vaporgui\guis\ui\isotab.ui">
      <Filter>Forms</Filter>
    </CustomBuild>
    <CustomBuild Include="..\..\..\apps\vaporgui\guis\ui\model.ui">
      <Filter>Forms</Filter>
    </CustomBuild>
    <CustomBuild Include="..\..\..\apps\vaporgui\guis\ui\preferences.ui">
      <Filter>Forms</Filter>
    </CustomBuild>
    <CustomBuild Include="..\..\..\apps\vaporgui\guis\ui\probetab.ui">
      <Filter>Forms</Filter>
    </CustomBuild>
    <CustomBuild Include="..\..\..\apps\vaporgui\guis\ui\regiontab.ui">
      <Filter>Forms</Filter>
    </CustomBuild>
    <CustomBuild Include="..\..\..\apps\vaporgui\guis\ui\setoffset.ui">
      <Filter>Forms</Filter>
    </CustomBuild>
    <CustomBuild Include="..\..\..\apps\vaporgui\guis\ui\twoDdatatab.ui">
      <Filter>Forms</Filter>
    </CustomBuild>
    <CustomBuild Include="..\..\..\apps\vaporgui\guis\ui\twoDimagetab.ui">
      <Filter>Forms</Filter>
    </CustomBuild>
    <CustomBuild Include="..\..\..\apps\vaporgui\guis\ui\vizfeatures.ui">
      <Filter>Forms</Filter>
    </CustomBuild>
    <CustomBuild Include="..\..\..\apps\vaporgui\guis\ui\viztab.ui">
      <Filter>Forms</Filter>
    </CustomBuild>
    <CustomBuild Include="..\..\..\apps\vaporgui\misc\vcheckgui.h">
      <Filter>Header Files</Filter>
    </CustomBuild>
    <CustomBuild Include="..\..\..\apps\vaporgui\misc\versionchecker.h">
      <Filter>Header Files</Filter>
    </CustomBuild>
    <CustomBuild Include="..\..\..\apps\vaporgui\guis\ui\isolinetab.ui">
      <Filter>Forms</Filter>
    </CustomBuild>
    <CustomBuild Include="..\..\..\apps\vaporgui\guis\isolineeventrouter.h">
      <Filter>Header Files</Filter>
    </CustomBuild>
    <CustomBuild Include="..\..\..\apps\vaporgui\guis\isolineframe.h">
      <Filter>Header Files</Filter>
    </CustomBuild>
    <CustomBuild Include="..\..\..\apps\vaporgui\guis\isovalueeditor.h">
      <Filter>Header Files</Filter>
    </CustomBuild>
    <CustomBuild Include="..\..\..\apps\vaporgui\misc\bannergui.h">
      <Filter>Header Files</Filter>
    </CustomBuild>
  </ItemGroup>
</Project>