Microsoft Visual Studio Solution File, Format Version 8.00
Project("{8BC9CEB8-8B4A-11D0-8D11-00A0C91BC942}") = "vaporgui", "..\vaporgui\vaporgui.vcproj", "{31CFF039-709C-3804-9B46-2ED0A8D45C92}"
	ProjectSection(ProjectDependencies) = postProject
		{29C8AC86-3D4B-4081-9D20-0770B10C4D30} = {29C8AC86-3D4B-4081-9D20-0770B10C4D30}
		{91C4E098-BC79-4784-94B7-C96B3548682D} = {91C4E098-BC79-4784-94B7-C96B3548682D}
		{E8FB619B-48D3-4B7E-B3F0-88939299995A} = {E8FB619B-48D3-4B7E-B3F0-88939299995A}
		{9410E1BA-CC62-46BF-B19D-69473EDDCE03} = {9410E1BA-CC62-46BF-B19D-69473EDDCE03}
		{9FD418C0-1BFF-4BA3-B901-3AC872588F06} = {9FD418C0-1BFF-4BA3-B901-3AC872588F06}
		{E09B68CA-3655-4B1D-8399-246F0F458462} = {E09B68CA-3655-4B1D-8399-246F0F458462}
		{E0DD83F3-7673-4A7D-B9D5-C1ABEC0F5C05} = {E0DD83F3-7673-4A7D-B9D5-C1ABEC0F5C05}
	EndProjectSection
EndProject
Project("{8BC9CEB8-8B4A-11D0-8D11-00A0C91BC942}") = "raw2vdf", "..\raw2vdf\raw2vdf.vcproj", "{3D889BD5-C9D4-4F25-9664-E111D6CD1FB9}"
	ProjectSection(ProjectDependencies) = postProject
		{29C8AC86-3D4B-4081-9D20-0770B10C4D30} = {29C8AC86-3D4B-4081-9D20-0770B10C4D30}
		{91C4E098-BC79-4784-94B7-C96B3548682D} = {91C4E098-BC79-4784-94B7-C96B3548682D}
	EndProjectSection
EndProject
Project("{8BC9CEB8-8B4A-11D0-8D11-00A0C91BC942}") = "vdfcreate", "..\vdfcreate\vdfcreate.vcproj", "{A57612E6-649A-4C0E-8456-C4C80DB807A4}"
	ProjectSection(ProjectDependencies) = postProject
		{29C8AC86-3D4B-4081-9D20-0770B10C4D30} = {29C8AC86-3D4B-4081-9D20-0770B10C4D30}
		{91C4E098-BC79-4784-94B7-C96B3548682D} = {91C4E098-BC79-4784-94B7-C96B3548682D}
	EndProjectSection
EndProject
Project("{8BC9CEB8-8B4A-11D0-8D11-00A0C91BC942}") = "vdf2raw", "..\vdf2raw\vdf2raw.vcproj", "{87B1E7C5-4724-464D-B074-01B5A5A14BFF}"
	ProjectSection(ProjectDependencies) = postProject
		{29C8AC86-3D4B-4081-9D20-0770B10C4D30} = {29C8AC86-3D4B-4081-9D20-0770B10C4D30}
		{91C4E098-BC79-4784-94B7-C96B3548682D} = {91C4E098-BC79-4784-94B7-C96B3548682D}
	EndProjectSection
EndProject
Project("{8BC9CEB8-8B4A-11D0-8D11-00A0C91BC942}") = "jpeg", "..\jpeg\jpeg.vcproj", "{E0DD83F3-7673-4A7D-B9D5-C1ABEC0F5C05}"
	ProjectSection(ProjectDependencies) = postProject
	EndProjectSection
EndProject
Project("{8BC9CEB8-8B4A-11D0-8D11-00A0C91BC942}") = "idl", "..\idl\idl.vcproj", "{D6470EA9-EF19-437A-AAB2-794FA21BC76D}"
	ProjectSection(ProjectDependencies) = postProject
		{29C8AC86-3D4B-4081-9D20-0770B10C4D30} = {29C8AC86-3D4B-4081-9D20-0770B10C4D30}
	EndProjectSection
EndProject
Project("{8BC9CEB8-8B4A-11D0-8D11-00A0C91BC942}") = "testimpexp", "..\testimpexp\testimpexp.vcproj", "{58AD122F-0E8E-4F94-A503-E030309B280D}"
	ProjectSection(ProjectDependencies) = postProject
		{29C8AC86-3D4B-4081-9D20-0770B10C4D30} = {29C8AC86-3D4B-4081-9D20-0770B10C4D30}
		{91C4E098-BC79-4784-94B7-C96B3548682D} = {91C4E098-BC79-4784-94B7-C96B3548682D}
		{D6470EA9-EF19-437A-AAB2-794FA21BC76D} = {D6470EA9-EF19-437A-AAB2-794FA21BC76D}
	EndProjectSection
EndProject
Project("{8BC9CEB8-8B4A-11D0-8D11-00A0C91BC942}") = "vdf", "..\vdf\vdf.vcproj", "{91C4E098-BC79-4784-94B7-C96B3548682D}"
	ProjectSection(ProjectDependencies) = postProject
		{29C8AC86-3D4B-4081-9D20-0770B10C4D30} = {29C8AC86-3D4B-4081-9D20-0770B10C4D30}
	EndProjectSection
EndProject
Project("{8BC9CEB8-8B4A-11D0-8D11-00A0C91BC942}") = "common", "common.vcproj", "{29C8AC86-3D4B-4081-9D20-0770B10C4D30}"
	ProjectSection(ProjectDependencies) = postProject
	EndProjectSection
EndProject
Project("{8BC9CEB8-8B4A-11D0-8D11-00A0C91BC942}") = "flow", "..\flow\flow.vcproj", "{9410E1BA-CC62-46BF-B19D-69473EDDCE03}"
	ProjectSection(ProjectDependencies) = postProject
		{91C4E098-BC79-4784-94B7-C96B3548682D} = {91C4E098-BC79-4784-94B7-C96B3548682D}
	EndProjectSection
EndProject
Project("{8BC9CEB8-8B4A-11D0-8D11-00A0C91BC942}") = "glew", "..\glew\glew.vcproj", "{E09B68CA-3655-4B1D-8399-246F0F458462}"
	ProjectSection(ProjectDependencies) = postProject
	EndProjectSection
EndProject
Project("{8BC9CEB8-8B4A-11D0-8D11-00A0C91BC942}") = "params", "..\params\params.vcproj", "{E8FB619B-48D3-4B7E-B3F0-88939299995A}"
	ProjectSection(ProjectDependencies) = postProject
		{29C8AC86-3D4B-4081-9D20-0770B10C4D30} = {29C8AC86-3D4B-4081-9D20-0770B10C4D30}
		{9410E1BA-CC62-46BF-B19D-69473EDDCE03} = {9410E1BA-CC62-46BF-B19D-69473EDDCE03}
	EndProjectSection
EndProject
Project("{8BC9CEB8-8B4A-11D0-8D11-00A0C91BC942}") = "render", "..\render\render.vcproj", "{9FD418C0-1BFF-4BA3-B901-3AC872588F06}"
	ProjectSection(ProjectDependencies) = postProject
		{29C8AC86-3D4B-4081-9D20-0770B10C4D30} = {29C8AC86-3D4B-4081-9D20-0770B10C4D30}
		{91C4E098-BC79-4784-94B7-C96B3548682D} = {91C4E098-BC79-4784-94B7-C96B3548682D}
		{E8FB619B-48D3-4B7E-B3F0-88939299995A} = {E8FB619B-48D3-4B7E-B3F0-88939299995A}
		{9410E1BA-CC62-46BF-B19D-69473EDDCE03} = {9410E1BA-CC62-46BF-B19D-69473EDDCE03}
		{E09B68CA-3655-4B1D-8399-246F0F458462} = {E09B68CA-3655-4B1D-8399-246F0F458462}
		{E0DD83F3-7673-4A7D-B9D5-C1ABEC0F5C05} = {E0DD83F3-7673-4A7D-B9D5-C1ABEC0F5C05}
	EndProjectSection
EndProject
Project("{54435603-DBB4-11D2-8724-00A0C9A8B90C}") = "installer", "..\installer\installer.vdproj", "{5AD78999-8DB8-4DEC-96DC-4AB28652BF00}"
	ProjectSection(ProjectDependencies) = postProject
	EndProjectSection
EndProject
Project("{8BC9CEB8-8B4A-11D0-8D11-00A0C91BC942}") = "wrfvdfcreate", "..\wrfvdfcreate\wrfvdfcreate.vcproj", "{31C701B3-60F3-48DC-9445-83BC83A9821B}"
	ProjectSection(ProjectDependencies) = postProject
		{29C8AC86-3D4B-4081-9D20-0770B10C4D30} = {29C8AC86-3D4B-4081-9D20-0770B10C4D30}
		{91C4E098-BC79-4784-94B7-C96B3548682D} = {91C4E098-BC79-4784-94B7-C96B3548682D}
	EndProjectSection
EndProject
Project("{8BC9CEB8-8B4A-11D0-8D11-00A0C91BC942}") = "asciitf2vtf", "..\asciitf2vtf\asciitf2vtf.vcproj", "{110B2E1A-E116-46FE-BEFE-F63B558549BD}"
	ProjectSection(ProjectDependencies) = postProject
		{29C8AC86-3D4B-4081-9D20-0770B10C4D30} = {29C8AC86-3D4B-4081-9D20-0770B10C4D30}
		{91C4E098-BC79-4784-94B7-C96B3548682D} = {91C4E098-BC79-4784-94B7-C96B3548682D}
		{E8FB619B-48D3-4B7E-B3F0-88939299995A} = {E8FB619B-48D3-4B7E-B3F0-88939299995A}
	EndProjectSection
EndProject
Project("{8BC9CEB8-8B4A-11D0-8D11-00A0C91BC942}") = "vdfls", "..\vdfls\vdfls.vcproj", "{4292EC1A-B910-452B-B6B2-EC593050598A}"
	ProjectSection(ProjectDependencies) = postProject
		{29C8AC86-3D4B-4081-9D20-0770B10C4D30} = {29C8AC86-3D4B-4081-9D20-0770B10C4D30}
		{91C4E098-BC79-4784-94B7-C96B3548682D} = {91C4E098-BC79-4784-94B7-C96B3548682D}
	EndProjectSection
EndProject
Project("{8BC9CEB8-8B4A-11D0-8D11-00A0C91BC942}") = "ncdfToVapor", "..\ncdfToVapor\ncdfToVapor.vcproj", "{B81034E2-EF06-4D43-BFA7-85B05CFA1290}"
	ProjectSection(ProjectDependencies) = postProject
		{29C8AC86-3D4B-4081-9D20-0770B10C4D30} = {29C8AC86-3D4B-4081-9D20-0770B10C4D30}
		{91C4E098-BC79-4784-94B7-C96B3548682D} = {91C4E098-BC79-4784-94B7-C96B3548682D}
	EndProjectSection
EndProject
Project("{8BC9CEB8-8B4A-11D0-8D11-00A0C91BC942}") = "wrfToVdf", "..\wrfToVdf\wrfToVdf.vcproj", "{C7A1F828-2D46-4609-B92A-326DD3C5A6FC}"
	ProjectSection(ProjectDependencies) = postProject
		{29C8AC86-3D4B-4081-9D20-0770B10C4D30} = {29C8AC86-3D4B-4081-9D20-0770B10C4D30}
		{91C4E098-BC79-4784-94B7-C96B3548682D} = {91C4E098-BC79-4784-94B7-C96B3548682D}
	EndProjectSection
EndProject
Global
	GlobalSection(SolutionConfiguration) = preSolution
		Debug = Debug
		Release = Release
	EndGlobalSection
	GlobalSection(ProjectDependencies) = postSolution
	EndGlobalSection
	GlobalSection(ProjectConfiguration) = postSolution
		{31CFF039-709C-3804-9B46-2ED0A8D45C92}.Debug.ActiveCfg = Debug|Win32
		{31CFF039-709C-3804-9B46-2ED0A8D45C92}.Debug.Build.0 = Debug|Win32
		{31CFF039-709C-3804-9B46-2ED0A8D45C92}.Release.ActiveCfg = Release|Win32
		{31CFF039-709C-3804-9B46-2ED0A8D45C92}.Release.Build.0 = Release|Win32
		{3D889BD5-C9D4-4F25-9664-E111D6CD1FB9}.Debug.ActiveCfg = Debug|Win32
		{3D889BD5-C9D4-4F25-9664-E111D6CD1FB9}.Debug.Build.0 = Debug|Win32
		{3D889BD5-C9D4-4F25-9664-E111D6CD1FB9}.Release.ActiveCfg = Release|Win32
		{3D889BD5-C9D4-4F25-9664-E111D6CD1FB9}.Release.Build.0 = Release|Win32
		{A57612E6-649A-4C0E-8456-C4C80DB807A4}.Debug.ActiveCfg = Debug|Win32
		{A57612E6-649A-4C0E-8456-C4C80DB807A4}.Debug.Build.0 = Debug|Win32
		{A57612E6-649A-4C0E-8456-C4C80DB807A4}.Release.ActiveCfg = Release|Win32
		{A57612E6-649A-4C0E-8456-C4C80DB807A4}.Release.Build.0 = Release|Win32
		{87B1E7C5-4724-464D-B074-01B5A5A14BFF}.Debug.ActiveCfg = Debug|Win32
		{87B1E7C5-4724-464D-B074-01B5A5A14BFF}.Debug.Build.0 = Debug|Win32
		{87B1E7C5-4724-464D-B074-01B5A5A14BFF}.Release.ActiveCfg = Release|Win32
		{87B1E7C5-4724-464D-B074-01B5A5A14BFF}.Release.Build.0 = Release|Win32
		{E0DD83F3-7673-4A7D-B9D5-C1ABEC0F5C05}.Debug.ActiveCfg = Debug|Win32
		{E0DD83F3-7673-4A7D-B9D5-C1ABEC0F5C05}.Debug.Build.0 = Debug|Win32
		{E0DD83F3-7673-4A7D-B9D5-C1ABEC0F5C05}.Release.ActiveCfg = Release|Win32
		{E0DD83F3-7673-4A7D-B9D5-C1ABEC0F5C05}.Release.Build.0 = Release|Win32
		{D6470EA9-EF19-437A-AAB2-794FA21BC76D}.Debug.ActiveCfg = Debug|Win32
		{D6470EA9-EF19-437A-AAB2-794FA21BC76D}.Debug.Build.0 = Debug|Win32
		{D6470EA9-EF19-437A-AAB2-794FA21BC76D}.Release.ActiveCfg = Release|Win32
		{D6470EA9-EF19-437A-AAB2-794FA21BC76D}.Release.Build.0 = Release|Win32
		{58AD122F-0E8E-4F94-A503-E030309B280D}.Debug.ActiveCfg = Debug|Win32
		{58AD122F-0E8E-4F94-A503-E030309B280D}.Debug.Build.0 = Debug|Win32
		{58AD122F-0E8E-4F94-A503-E030309B280D}.Release.ActiveCfg = Release|Win32
		{58AD122F-0E8E-4F94-A503-E030309B280D}.Release.Build.0 = Release|Win32
		{91C4E098-BC79-4784-94B7-C96B3548682D}.Debug.ActiveCfg = Debug|Win32
		{91C4E098-BC79-4784-94B7-C96B3548682D}.Debug.Build.0 = Debug|Win32
		{91C4E098-BC79-4784-94B7-C96B3548682D}.Release.ActiveCfg = Release|Win32
		{91C4E098-BC79-4784-94B7-C96B3548682D}.Release.Build.0 = Release|Win32
		{29C8AC86-3D4B-4081-9D20-0770B10C4D30}.Debug.ActiveCfg = Debug|Win32
		{29C8AC86-3D4B-4081-9D20-0770B10C4D30}.Debug.Build.0 = Debug|Win32
		{29C8AC86-3D4B-4081-9D20-0770B10C4D30}.Release.ActiveCfg = Release|Win32
		{29C8AC86-3D4B-4081-9D20-0770B10C4D30}.Release.Build.0 = Release|Win32
		{9410E1BA-CC62-46BF-B19D-69473EDDCE03}.Debug.ActiveCfg = Debug|Win32
		{9410E1BA-CC62-46BF-B19D-69473EDDCE03}.Debug.Build.0 = Debug|Win32
		{9410E1BA-CC62-46BF-B19D-69473EDDCE03}.Release.ActiveCfg = Release|Win32
		{9410E1BA-CC62-46BF-B19D-69473EDDCE03}.Release.Build.0 = Release|Win32
		{E09B68CA-3655-4B1D-8399-246F0F458462}.Debug.ActiveCfg = Debug|Win32
		{E09B68CA-3655-4B1D-8399-246F0F458462}.Debug.Build.0 = Debug|Win32
		{E09B68CA-3655-4B1D-8399-246F0F458462}.Release.ActiveCfg = Release|Win32
		{E09B68CA-3655-4B1D-8399-246F0F458462}.Release.Build.0 = Release|Win32
		{E8FB619B-48D3-4B7E-B3F0-88939299995A}.Debug.ActiveCfg = Debug|Win32
		{E8FB619B-48D3-4B7E-B3F0-88939299995A}.Debug.Build.0 = Debug|Win32
		{E8FB619B-48D3-4B7E-B3F0-88939299995A}.Release.ActiveCfg = Release|Win32
		{E8FB619B-48D3-4B7E-B3F0-88939299995A}.Release.Build.0 = Release|Win32
		{9FD418C0-1BFF-4BA3-B901-3AC872588F06}.Debug.ActiveCfg = Debug|Win32
		{9FD418C0-1BFF-4BA3-B901-3AC872588F06}.Debug.Build.0 = Debug|Win32
		{9FD418C0-1BFF-4BA3-B901-3AC872588F06}.Release.ActiveCfg = Release|Win32
		{9FD418C0-1BFF-4BA3-B901-3AC872588F06}.Release.Build.0 = Release|Win32
		{5AD78999-8DB8-4DEC-96DC-4AB28652BF00}.Debug.ActiveCfg = Debug
		{5AD78999-8DB8-4DEC-96DC-4AB28652BF00}.Release.ActiveCfg = Release
		{31C701B3-60F3-48DC-9445-83BC83A9821B}.Debug.ActiveCfg = Debug|Win32
		{31C701B3-60F3-48DC-9445-83BC83A9821B}.Debug.Build.0 = Debug|Win32
		{31C701B3-60F3-48DC-9445-83BC83A9821B}.Release.ActiveCfg = Release|Win32
		{31C701B3-60F3-48DC-9445-83BC83A9821B}.Release.Build.0 = Release|Win32
		{110B2E1A-E116-46FE-BEFE-F63B558549BD}.Debug.ActiveCfg = Debug|Win32
		{110B2E1A-E116-46FE-BEFE-F63B558549BD}.Debug.Build.0 = Debug|Win32
		{110B2E1A-E116-46FE-BEFE-F63B558549BD}.Release.ActiveCfg = Release|Win32
		{110B2E1A-E116-46FE-BEFE-F63B558549BD}.Release.Build.0 = Release|Win32
		{4292EC1A-B910-452B-B6B2-EC593050598A}.Debug.ActiveCfg = Debug|Win32
		{4292EC1A-B910-452B-B6B2-EC593050598A}.Debug.Build.0 = Debug|Win32
		{4292EC1A-B910-452B-B6B2-EC593050598A}.Release.ActiveCfg = Release|Win32
		{4292EC1A-B910-452B-B6B2-EC593050598A}.Release.Build.0 = Release|Win32
		{B81034E2-EF06-4D43-BFA7-85B05CFA1290}.Debug.ActiveCfg = Debug|Win32
		{B81034E2-EF06-4D43-BFA7-85B05CFA1290}.Debug.Build.0 = Debug|Win32
		{B81034E2-EF06-4D43-BFA7-85B05CFA1290}.Release.ActiveCfg = Release|Win32
		{B81034E2-EF06-4D43-BFA7-85B05CFA1290}.Release.Build.0 = Release|Win32
		{C7A1F828-2D46-4609-B92A-326DD3C5A6FC}.Debug.ActiveCfg = Debug|Win32
		{C7A1F828-2D46-4609-B92A-326DD3C5A6FC}.Debug.Build.0 = Debug|Win32
		{C7A1F828-2D46-4609-B92A-326DD3C5A6FC}.Release.ActiveCfg = Release|Win32
		{C7A1F828-2D46-4609-B92A-326DD3C5A6FC}.Release.Build.0 = Release|Win32
	EndGlobalSection
	GlobalSection(SolutionItems) = postSolution
	EndGlobalSection
	GlobalSection(ExtensibilityGlobals) = postSolution
	EndGlobalSection
	GlobalSection(ExtensibilityAddIns) = postSolution
	EndGlobalSection
EndGlobal
