Microsoft Visual Studio Solution File, Format Version 10.00
# Visual Studio 2008
Project("{8BC9CEB8-8B4A-11D0-8D11-00A0C91BC942}") = "vaporgui", "..\vaporgui\vaporgui.vcproj", "{2A421CB7-58B3-3747-A570-E36BF03CEA3F}"
	ProjectSection(ProjectDependencies) = postProject
		{29C8AC86-3D4B-4081-9D20-0770B10C4D30} = {29C8AC86-3D4B-4081-9D20-0770B10C4D30}
		{91C4E098-BC79-4784-94B7-C96B3548682D} = {91C4E098-BC79-4784-94B7-C96B3548682D}
		{E8FB619B-48D3-4B7E-B3F0-88939299995A} = {E8FB619B-48D3-4B7E-B3F0-88939299995A}
		{9410E1BA-CC62-46BF-B19D-69473EDDCE03} = {9410E1BA-CC62-46BF-B19D-69473EDDCE03}
		{9FD418C0-1BFF-4BA3-B901-3AC872588F06} = {9FD418C0-1BFF-4BA3-B901-3AC872588F06}
	EndProjectSection
EndProject
Project("{8BC9CEB8-8B4A-11D0-8D11-00A0C91BC942}") = "raw2vdf", "..\raw2vdf\raw2vdf.vcproj", "{3D889BD5-C9D4-4F25-9664-E111D6CD1FB9}"
	ProjectSection(ProjectDependencies) = postProject
		{29C8AC86-3D4B-4081-9D20-0770B10C4D30} = {29C8AC86-3D4B-4081-9D20-0770B10C4D30}
		{91C4E098-BC79-4784-94B7-C96B3548682D} = {91C4E098-BC79-4784-94B7-C96B3548682D}
	EndProjectSection
EndProject
Project("{8BC9CEB8-8B4A-11D0-8D11-00A0C91BC942}") = "vdfcreate", "..\vdfcreate\vdfcreate.vcproj", "{A57612E6-649A-4C0E-8456-C4C80DB807A4}"
	ProjectSection(ProjectDependencies) = postProject
		{29C8AC86-3D4B-4081-9D20-0770B10C4D30} = {29C8AC86-3D4B-4081-9D20-0770B10C4D30}
		{91C4E098-BC79-4784-94B7-C96B3548682D} = {91C4E098-BC79-4784-94B7-C96B3548682D}
	EndProjectSection
EndProject
Project("{8BC9CEB8-8B4A-11D0-8D11-00A0C91BC942}") = "vdf2raw", "..\vdf2raw\vdf2raw.vcproj", "{87B1E7C5-4724-464D-B074-01B5A5A14BFF}"
	ProjectSection(ProjectDependencies) = postProject
		{29C8AC86-3D4B-4081-9D20-0770B10C4D30} = {29C8AC86-3D4B-4081-9D20-0770B10C4D30}
		{91C4E098-BC79-4784-94B7-C96B3548682D} = {91C4E098-BC79-4784-94B7-C96B3548682D}
	EndProjectSection
EndProject
Project("{8BC9CEB8-8B4A-11D0-8D11-00A0C91BC942}") = "idl", "..\idl\idl.vcproj", "{D6470EA9-EF19-437A-AAB2-794FA21BC76D}"
	ProjectSection(ProjectDependencies) = postProject
		{29C8AC86-3D4B-4081-9D20-0770B10C4D30} = {29C8AC86-3D4B-4081-9D20-0770B10C4D30}
		{91C4E098-BC79-4784-94B7-C96B3548682D} = {91C4E098-BC79-4784-94B7-C96B3548682D}
	EndProjectSection
EndProject
Project("{8BC9CEB8-8B4A-11D0-8D11-00A0C91BC942}") = "testimpexp", "..\testimpexp\testimpexp.vcproj", "{58AD122F-0E8E-4F94-A503-E030309B280D}"
	ProjectSection(ProjectDependencies) = postProject
		{29C8AC86-3D4B-4081-9D20-0770B10C4D30} = {29C8AC86-3D4B-4081-9D20-0770B10C4D30}
		{91C4E098-BC79-4784-94B7-C96B3548682D} = {91C4E098-BC79-4784-94B7-C96B3548682D}
		{D6470EA9-EF19-437A-AAB2-794FA21BC76D} = {D6470EA9-EF19-437A-AAB2-794FA21BC76D}
	EndProjectSection
EndProject
Project("{8BC9CEB8-8B4A-11D0-8D11-00A0C91BC942}") = "vdf", "..\vdf\vdf.vcproj", "{91C4E098-BC79-4784-94B7-C96B3548682D}"
	ProjectSection(ProjectDependencies) = postProject
		{29C8AC86-3D4B-4081-9D20-0770B10C4D30} = {29C8AC86-3D4B-4081-9D20-0770B10C4D30}
	EndProjectSection
EndProject
Project("{8BC9CEB8-8B4A-11D0-8D11-00A0C91BC942}") = "common", "common.vcproj", "{29C8AC86-3D4B-4081-9D20-0770B10C4D30}"
EndProject
Project("{8BC9CEB8-8B4A-11D0-8D11-00A0C91BC942}") = "flow", "..\flow\flow.vcproj", "{9410E1BA-CC62-46BF-B19D-69473EDDCE03}"
	ProjectSection(ProjectDependencies) = postProject
		{91C4E098-BC79-4784-94B7-C96B3548682D} = {91C4E098-BC79-4784-94B7-C96B3548682D}
	EndProjectSection
EndProject
Project("{8BC9CEB8-8B4A-11D0-8D11-00A0C91BC942}") = "params", "..\params\params.vcproj", "{E8FB619B-48D3-4B7E-B3F0-88939299995A}"
	ProjectSection(ProjectDependencies) = postProject
		{29C8AC86-3D4B-4081-9D20-0770B10C4D30} = {29C8AC86-3D4B-4081-9D20-0770B10C4D30}
		{9410E1BA-CC62-46BF-B19D-69473EDDCE03} = {9410E1BA-CC62-46BF-B19D-69473EDDCE03}
	EndProjectSection
EndProject
Project("{8BC9CEB8-8B4A-11D0-8D11-00A0C91BC942}") = "render", "..\render\render.vcproj", "{9FD418C0-1BFF-4BA3-B901-3AC872588F06}"
	ProjectSection(ProjectDependencies) = postProject
		{29C8AC86-3D4B-4081-9D20-0770B10C4D30} = {29C8AC86-3D4B-4081-9D20-0770B10C4D30}
		{91C4E098-BC79-4784-94B7-C96B3548682D} = {91C4E098-BC79-4784-94B7-C96B3548682D}
		{E8FB619B-48D3-4B7E-B3F0-88939299995A} = {E8FB619B-48D3-4B7E-B3F0-88939299995A}
		{9410E1BA-CC62-46BF-B19D-69473EDDCE03} = {9410E1BA-CC62-46BF-B19D-69473EDDCE03}
	EndProjectSection
EndProject
Project("{54435603-DBB4-11D2-8724-00A0C9A8B90C}") = "installer", "..\installer\installer.vdproj", "{5AD78999-8DB8-4DEC-96DC-4AB28652BF00}"
EndProject
Project("{8BC9CEB8-8B4A-11D0-8D11-00A0C91BC942}") = "wrfvdfcreate", "..\wrfvdfcreate\wrfvdfcreate.vcproj", "{31C701B3-60F3-48DC-9445-83BC83A9821B}"
	ProjectSection(ProjectDependencies) = postProject
		{29C8AC86-3D4B-4081-9D20-0770B10C4D30} = {29C8AC86-3D4B-4081-9D20-0770B10C4D30}
		{91C4E098-BC79-4784-94B7-C96B3548682D} = {91C4E098-BC79-4784-94B7-C96B3548682D}
	EndProjectSection
EndProject
Project("{8BC9CEB8-8B4A-11D0-8D11-00A0C91BC942}") = "asciitf2vtf", "..\asciitf2vtf\asciitf2vtf.vcproj", "{110B2E1A-E116-46FE-BEFE-F63B558549BD}"
	ProjectSection(ProjectDependencies) = postProject
		{29C8AC86-3D4B-4081-9D20-0770B10C4D30} = {29C8AC86-3D4B-4081-9D20-0770B10C4D30}
		{91C4E098-BC79-4784-94B7-C96B3548682D} = {91C4E098-BC79-4784-94B7-C96B3548682D}
		{E8FB619B-48D3-4B7E-B3F0-88939299995A} = {E8FB619B-48D3-4B7E-B3F0-88939299995A}
	EndProjectSection
EndProject
Project("{8BC9CEB8-8B4A-11D0-8D11-00A0C91BC942}") = "vdfls", "..\vdfls\vdfls.vcproj", "{4292EC1A-B910-452B-B6B2-EC593050598A}"
	ProjectSection(ProjectDependencies) = postProject
		{29C8AC86-3D4B-4081-9D20-0770B10C4D30} = {29C8AC86-3D4B-4081-9D20-0770B10C4D30}
		{91C4E098-BC79-4784-94B7-C96B3548682D} = {91C4E098-BC79-4784-94B7-C96B3548682D}
	EndProjectSection
EndProject
Project("{8BC9CEB8-8B4A-11D0-8D11-00A0C91BC942}") = "ncdfToVapor", "..\ncdfToVapor\ncdfToVapor.vcproj", "{B81034E2-EF06-4D43-BFA7-85B05CFA1290}"
	ProjectSection(ProjectDependencies) = postProject
		{29C8AC86-3D4B-4081-9D20-0770B10C4D30} = {29C8AC86-3D4B-4081-9D20-0770B10C4D30}
		{91C4E098-BC79-4784-94B7-C96B3548682D} = {91C4E098-BC79-4784-94B7-C96B3548682D}
	EndProjectSection
EndProject
Project("{8BC9CEB8-8B4A-11D0-8D11-00A0C91BC942}") = "wrfToVdf", "..\wrfToVdf\wrfToVdf.vcproj", "{C7A1F828-2D46-4609-B92A-326DD3C5A6FC}"
	ProjectSection(ProjectDependencies) = postProject
		{29C8AC86-3D4B-4081-9D20-0770B10C4D30} = {29C8AC86-3D4B-4081-9D20-0770B10C4D30}
		{91C4E098-BC79-4784-94B7-C96B3548682D} = {91C4E098-BC79-4784-94B7-C96B3548682D}
	EndProjectSection
EndProject
Project("{8BC9CEB8-8B4A-11D0-8D11-00A0C91BC942}") = "vdfedit", "..\vdfedit\vdfedit.vcproj", "{65634769-33F9-4AF8-B9A3-CB53D66ABC7A}"
	ProjectSection(ProjectDependencies) = postProject
		{29C8AC86-3D4B-4081-9D20-0770B10C4D30} = {29C8AC86-3D4B-4081-9D20-0770B10C4D30}
		{91C4E098-BC79-4784-94B7-C96B3548682D} = {91C4E098-BC79-4784-94B7-C96B3548682D}
	EndProjectSection
EndProject
Project("{8BC9CEB8-8B4A-11D0-8D11-00A0C91BC942}") = "tiffToGeotiff", "..\tiffToGeotiff\tiffToGeotiff.vcproj", "{602EBD94-0F3E-4EAA-90F6-503D18A67272}"
EndProject
Project("{2150E333-8FDC-42A3-9474-1A3956D46DE8}") = "Solution Items", "Solution Items", "{58F96DD4-77D9-415C-9484-95BD1A6CD6EE}"
EndProject
Project("{8BC9CEB8-8B4A-11D0-8D11-00A0C91BC942}") = "cart2wrfvdf", "..\cart2wrfvdf\cart2wrfvdf.vcproj", "{60E627C6-F63E-49EF-A1EB-94716A19448D}"
	ProjectSection(ProjectDependencies) = postProject
		{29C8AC86-3D4B-4081-9D20-0770B10C4D30} = {29C8AC86-3D4B-4081-9D20-0770B10C4D30}
		{91C4E098-BC79-4784-94B7-C96B3548682D} = {91C4E098-BC79-4784-94B7-C96B3548682D}
	EndProjectSection
EndProject
Project("{8BC9CEB8-8B4A-11D0-8D11-00A0C91BC942}") = "momvdfcreate", "..\momvdfcreate\momvdfcreate.vcproj", "{E74BD45F-232D-41D7-BCA5-F99EC28BF86F}"
	ProjectSection(ProjectDependencies) = postProject
		{29C8AC86-3D4B-4081-9D20-0770B10C4D30} = {29C8AC86-3D4B-4081-9D20-0770B10C4D30}
		{91C4E098-BC79-4784-94B7-C96B3548682D} = {91C4E098-BC79-4784-94B7-C96B3548682D}
	EndProjectSection
EndProject
Global
	GlobalSection(SolutionConfigurationPlatforms) = preSolution
		Debug|Win32 = Debug|Win32
		Release|Win32 = Release|Win32
	EndGlobalSection
	GlobalSection(ProjectConfigurationPlatforms) = postSolution
		{2A421CB7-58B3-3747-A570-E36BF03CEA3F}.Debug|Win32.ActiveCfg = Debug|Win32
		{2A421CB7-58B3-3747-A570-E36BF03CEA3F}.Debug|Win32.Build.0 = Debug|Win32
		{2A421CB7-58B3-3747-A570-E36BF03CEA3F}.Release|Win32.ActiveCfg = Release|Win32
		{2A421CB7-58B3-3747-A570-E36BF03CEA3F}.Release|Win32.Build.0 = Release|Win32
		{3D889BD5-C9D4-4F25-9664-E111D6CD1FB9}.Debug|Win32.ActiveCfg = Debug|Win32
		{3D889BD5-C9D4-4F25-9664-E111D6CD1FB9}.Debug|Win32.Build.0 = Debug|Win32
		{3D889BD5-C9D4-4F25-9664-E111D6CD1FB9}.Release|Win32.ActiveCfg = Release|Win32
		{3D889BD5-C9D4-4F25-9664-E111D6CD1FB9}.Release|Win32.Build.0 = Release|Win32
		{A57612E6-649A-4C0E-8456-C4C80DB807A4}.Debug|Win32.ActiveCfg = Debug|Win32
		{A57612E6-649A-4C0E-8456-C4C80DB807A4}.Debug|Win32.Build.0 = Debug|Win32
		{A57612E6-649A-4C0E-8456-C4C80DB807A4}.Release|Win32.ActiveCfg = Release|Win32
		{A57612E6-649A-4C0E-8456-C4C80DB807A4}.Release|Win32.Build.0 = Release|Win32
		{87B1E7C5-4724-464D-B074-01B5A5A14BFF}.Debug|Win32.ActiveCfg = Debug|Win32
		{87B1E7C5-4724-464D-B074-01B5A5A14BFF}.Debug|Win32.Build.0 = Debug|Win32
		{87B1E7C5-4724-464D-B074-01B5A5A14BFF}.Release|Win32.ActiveCfg = Release|Win32
		{87B1E7C5-4724-464D-B074-01B5A5A14BFF}.Release|Win32.Build.0 = Release|Win32
		{D6470EA9-EF19-437A-AAB2-794FA21BC76D}.Debug|Win32.ActiveCfg = Debug|Win32
		{D6470EA9-EF19-437A-AAB2-794FA21BC76D}.Debug|Win32.Build.0 = Debug|Win32
		{D6470EA9-EF19-437A-AAB2-794FA21BC76D}.Release|Win32.ActiveCfg = Release|Win32
		{D6470EA9-EF19-437A-AAB2-794FA21BC76D}.Release|Win32.Build.0 = Release|Win32
		{58AD122F-0E8E-4F94-A503-E030309B280D}.Debug|Win32.ActiveCfg = Debug|Win32
		{58AD122F-0E8E-4F94-A503-E030309B280D}.Debug|Win32.Build.0 = Debug|Win32
		{58AD122F-0E8E-4F94-A503-E030309B280D}.Release|Win32.ActiveCfg = Release|Win32
		{58AD122F-0E8E-4F94-A503-E030309B280D}.Release|Win32.Build.0 = Release|Win32
		{91C4E098-BC79-4784-94B7-C96B3548682D}.Debug|Win32.ActiveCfg = Debug|Win32
		{91C4E098-BC79-4784-94B7-C96B3548682D}.Debug|Win32.Build.0 = Debug|Win32
		{91C4E098-BC79-4784-94B7-C96B3548682D}.Release|Win32.ActiveCfg = Release|Win32
		{91C4E098-BC79-4784-94B7-C96B3548682D}.Release|Win32.Build.0 = Release|Win32
		{29C8AC86-3D4B-4081-9D20-0770B10C4D30}.Debug|Win32.ActiveCfg = Debug|Win32
		{29C8AC86-3D4B-4081-9D20-0770B10C4D30}.Debug|Win32.Build.0 = Debug|Win32
		{29C8AC86-3D4B-4081-9D20-0770B10C4D30}.Release|Win32.ActiveCfg = Release|Win32
		{29C8AC86-3D4B-4081-9D20-0770B10C4D30}.Release|Win32.Build.0 = Release|Win32
		{9410E1BA-CC62-46BF-B19D-69473EDDCE03}.Debug|Win32.ActiveCfg = Debug|Win32
		{9410E1BA-CC62-46BF-B19D-69473EDDCE03}.Debug|Win32.Build.0 = Debug|Win32
		{9410E1BA-CC62-46BF-B19D-69473EDDCE03}.Release|Win32.ActiveCfg = Release|Win32
		{9410E1BA-CC62-46BF-B19D-69473EDDCE03}.Release|Win32.Build.0 = Release|Win32
		{E8FB619B-48D3-4B7E-B3F0-88939299995A}.Debug|Win32.ActiveCfg = Debug|Win32
		{E8FB619B-48D3-4B7E-B3F0-88939299995A}.Debug|Win32.Build.0 = Debug|Win32
		{E8FB619B-48D3-4B7E-B3F0-88939299995A}.Release|Win32.ActiveCfg = Release|Win32
		{E8FB619B-48D3-4B7E-B3F0-88939299995A}.Release|Win32.Build.0 = Release|Win32
		{9FD418C0-1BFF-4BA3-B901-3AC872588F06}.Debug|Win32.ActiveCfg = Debug|Win32
		{9FD418C0-1BFF-4BA3-B901-3AC872588F06}.Debug|Win32.Build.0 = Debug|Win32
		{9FD418C0-1BFF-4BA3-B901-3AC872588F06}.Release|Win32.ActiveCfg = Release|Win32
		{9FD418C0-1BFF-4BA3-B901-3AC872588F06}.Release|Win32.Build.0 = Release|Win32
		{5AD78999-8DB8-4DEC-96DC-4AB28652BF00}.Debug|Win32.ActiveCfg = Debug
		{5AD78999-8DB8-4DEC-96DC-4AB28652BF00}.Release|Win32.ActiveCfg = Release
		{31C701B3-60F3-48DC-9445-83BC83A9821B}.Debug|Win32.ActiveCfg = Debug|Win32
		{31C701B3-60F3-48DC-9445-83BC83A9821B}.Debug|Win32.Build.0 = Debug|Win32
		{31C701B3-60F3-48DC-9445-83BC83A9821B}.Release|Win32.ActiveCfg = Release|Win32
		{31C701B3-60F3-48DC-9445-83BC83A9821B}.Release|Win32.Build.0 = Release|Win32
		{110B2E1A-E116-46FE-BEFE-F63B558549BD}.Debug|Win32.ActiveCfg = Debug|Win32
		{110B2E1A-E116-46FE-BEFE-F63B558549BD}.Debug|Win32.Build.0 = Debug|Win32
		{110B2E1A-E116-46FE-BEFE-F63B558549BD}.Release|Win32.ActiveCfg = Release|Win32
		{110B2E1A-E116-46FE-BEFE-F63B558549BD}.Release|Win32.Build.0 = Release|Win32
		{4292EC1A-B910-452B-B6B2-EC593050598A}.Debug|Win32.ActiveCfg = Debug|Win32
		{4292EC1A-B910-452B-B6B2-EC593050598A}.Debug|Win32.Build.0 = Debug|Win32
		{4292EC1A-B910-452B-B6B2-EC593050598A}.Release|Win32.ActiveCfg = Release|Win32
		{4292EC1A-B910-452B-B6B2-EC593050598A}.Release|Win32.Build.0 = Release|Win32
		{B81034E2-EF06-4D43-BFA7-85B05CFA1290}.Debug|Win32.ActiveCfg = Debug|Win32
		{B81034E2-EF06-4D43-BFA7-85B05CFA1290}.Debug|Win32.Build.0 = Debug|Win32
		{B81034E2-EF06-4D43-BFA7-85B05CFA1290}.Release|Win32.ActiveCfg = Release|Win32
		{B81034E2-EF06-4D43-BFA7-85B05CFA1290}.Release|Win32.Build.0 = Release|Win32
		{C7A1F828-2D46-4609-B92A-326DD3C5A6FC}.Debug|Win32.ActiveCfg = Debug|Win32
		{C7A1F828-2D46-4609-B92A-326DD3C5A6FC}.Debug|Win32.Build.0 = Debug|Win32
		{C7A1F828-2D46-4609-B92A-326DD3C5A6FC}.Release|Win32.ActiveCfg = Release|Win32
		{C7A1F828-2D46-4609-B92A-326DD3C5A6FC}.Release|Win32.Build.0 = Release|Win32
		{65634769-33F9-4AF8-B9A3-CB53D66ABC7A}.Debug|Win32.ActiveCfg = Debug|Win32
		{65634769-33F9-4AF8-B9A3-CB53D66ABC7A}.Debug|Win32.Build.0 = Debug|Win32
		{65634769-33F9-4AF8-B9A3-CB53D66ABC7A}.Release|Win32.ActiveCfg = Release|Win32
		{65634769-33F9-4AF8-B9A3-CB53D66ABC7A}.Release|Win32.Build.0 = Release|Win32
		{602EBD94-0F3E-4EAA-90F6-503D18A67272}.Debug|Win32.ActiveCfg = Debug|Win32
		{602EBD94-0F3E-4EAA-90F6-503D18A67272}.Debug|Win32.Build.0 = Debug|Win32
		{602EBD94-0F3E-4EAA-90F6-503D18A67272}.Release|Win32.ActiveCfg = Release|Win32
		{602EBD94-0F3E-4EAA-90F6-503D18A67272}.Release|Win32.Build.0 = Release|Win32
		{60E627C6-F63E-49EF-A1EB-94716A19448D}.Debug|Win32.ActiveCfg = Debug|Win32
		{60E627C6-F63E-49EF-A1EB-94716A19448D}.Debug|Win32.Build.0 = Debug|Win32
		{60E627C6-F63E-49EF-A1EB-94716A19448D}.Release|Win32.ActiveCfg = Release|Win32
		{60E627C6-F63E-49EF-A1EB-94716A19448D}.Release|Win32.Build.0 = Release|Win32
		{E74BD45F-232D-41D7-BCA5-F99EC28BF86F}.Debug|Win32.ActiveCfg = Debug|Win32
		{E74BD45F-232D-41D7-BCA5-F99EC28BF86F}.Debug|Win32.Build.0 = Debug|Win32
		{E74BD45F-232D-41D7-BCA5-F99EC28BF86F}.Release|Win32.ActiveCfg = Release|Win32
		{E74BD45F-232D-41D7-BCA5-F99EC28BF86F}.Release|Win32.Build.0 = Release|Win32
	EndGlobalSection
	GlobalSection(SolutionProperties) = preSolution
		HideSolutionNode = FALSE
	EndGlobalSection
EndGlobal
